PODS:
  - TimelineAnimations (2.10)

DEPENDENCIES:
  - TimelineAnimations (from `../`)

EXTERNAL SOURCES:
  TimelineAnimations:
    :path: "../"

SPEC CHECKSUMS:
  TimelineAnimations: 960053ba6378c0354e214d18502c8c90c12e7c68

PODFILE CHECKSUM: 7793da11b2e6410c80174bd164f6005f5604edae

COCOAPODS: 1.5.3
