PODS:
  - TimelineAnimations (2.10.8)

DEPENDENCIES:
  - TimelineAnimations (from `../`)

EXTERNAL SOURCES:
  TimelineAnimations:
    :path: "../"

SPEC CHECKSUMS:
  TimelineAnimations: 3cb3e5cf930252356ab281bbc05ba726a2d86962

PODFILE CHECKSUM: 7793da11b2e6410c80174bd164f6005f5604edae

COCOAPODS: 1.5.3
