PODS:
  - TimelineAnimations (2.10.1)

DEPENDENCIES:
  - TimelineAnimations (from `../`)

EXTERNAL SOURCES:
  TimelineAnimations:
    :path: "../"

SPEC CHECKSUMS:
  TimelineAnimations: 0f5822100b47d63a9d3c996e6b4b42296633fb7e

PODFILE CHECKSUM: 7793da11b2e6410c80174bd164f6005f5604edae

COCOAPODS: 1.5.3
