// !$*UTF8*$!
{
	archiveVersion = 1;
	classes = {
	};
	objectVersion = 46;
	objects = {

/* Begin PBXBuildFile section */
		F824EC071C75D6CF00FDA653 /* TimelineAnimationsTestsPlay.m in Sources */ = {isa = PBXBuildFile; fileRef = F824EC061C75D6CF00FDA653 /* TimelineAnimationsTestsPlay.m */; };
		F824EC491C75D89700FDA653 /* main.m in Sources */ = {isa = PBXBuildFile; fileRef = F824EC481C75D89700FDA653 /* main.m */; };
		F824EC4C1C75D89700FDA653 /* AppDelegate.m in Sources */ = {isa = PBXBuildFile; fileRef = F824EC4B1C75D89700FDA653 /* AppDelegate.m */; };
		F824EC4F1C75D89700FDA653 /* ViewController.m in Sources */ = {isa = PBXBuildFile; fileRef = F824EC4E1C75D89700FDA653 /* ViewController.m */; };
		F824EC521C75D89700FDA653 /* Main.storyboard in Resources */ = {isa = PBXBuildFile; fileRef = F824EC501C75D89700FDA653 /* Main.storyboard */; };
		F824EC541C75D89700FDA653 /* Assets.xcassets in Resources */ = {isa = PBXBuildFile; fileRef = F824EC531C75D89700FDA653 /* Assets.xcassets */; };
		F824EC571C75D89700FDA653 /* LaunchScreen.storyboard in Resources */ = {isa = PBXBuildFile; fileRef = F824EC551C75D89700FDA653 /* LaunchScreen.storyboard */; };
		F824EC5C1C75DA1800FDA653 /* libTimelineAnimations.a in Frameworks */ = {isa = PBXBuildFile; fileRef = F8A4412D1C75C69200C00A01 /* libTimelineAnimations.a */; };
		F8A441311C75C69200C00A01 /* TimelineAnimations.h in CopyFiles */ = {isa = PBXBuildFile; fileRef = F8A441301C75C69200C00A01 /* TimelineAnimations.h */; };
		F8A4416A1C75D29E00C00A01 /* TimelineAnimationTestsCreation.m in Sources */ = {isa = PBXBuildFile; fileRef = F8A441691C75D29E00C00A01 /* TimelineAnimationTestsCreation.m */; };
		F8A4416C1C75D29E00C00A01 /* libTimelineAnimations.a in Frameworks */ = {isa = PBXBuildFile; fileRef = F8A4412D1C75C69200C00A01 /* libTimelineAnimations.a */; };
		F8DD90301E4874AD00FBD47A /* AnimationsFactory.m in Sources */ = {isa = PBXBuildFile; fileRef = F8DD90071E4874AD00FBD47A /* AnimationsFactory.m */; };
		F8DD90311E4874AD00FBD47A /* AnimationsKeyPath.m in Sources */ = {isa = PBXBuildFile; fileRef = F8DD90091E4874AD00FBD47A /* AnimationsKeyPath.m */; };
		F8DD90321E4874AD00FBD47A /* TimelineAudio.m in Sources */ = {isa = PBXBuildFile; fileRef = F8DD900C1E4874AD00FBD47A /* TimelineAudio.m */; };
		F8DD90331E4874AD00FBD47A /* TimelineAudioAssociation.m in Sources */ = {isa = PBXBuildFile; fileRef = F8DD900E1E4874AD00FBD47A /* TimelineAudioAssociation.m */; };
		F8DD90341E4874AD00FBD47A /* CABasicAnimation+Reverse.m in Sources */ = {isa = PBXBuildFile; fileRef = F8DD90121E4874AD00FBD47A /* CABasicAnimation+Reverse.m */; };
		F8DD90351E4874AD00FBD47A /* CAKeyframeAnimation+Reverse.m in Sources */ = {isa = PBXBuildFile; fileRef = F8DD90141E4874AD00FBD47A /* CAKeyframeAnimation+Reverse.m */; };
		F8DD90361E4874AD00FBD47A /* CALayer+TimelineAnimation.m in Sources */ = {isa = PBXBuildFile; fileRef = F8DD90161E4874AD00FBD47A /* CALayer+TimelineAnimation.m */; };
		F8DD90371E4874AD00FBD47A /* CAPropertyAnimation+Reverse.m in Sources */ = {isa = PBXBuildFile; fileRef = F8DD90181E4874AD00FBD47A /* CAPropertyAnimation+Reverse.m */; };
		F8DD90381E4874AD00FBD47A /* EasingTimingHandler.m in Sources */ = {isa = PBXBuildFile; fileRef = F8DD901B1E4874AD00FBD47A /* EasingTimingHandler.m */; };
		F8DD90391E4874AD00FBD47A /* GroupTimelineAnimation.m in Sources */ = {isa = PBXBuildFile; fileRef = F8DD901D1E4874AD00FBD47A /* GroupTimelineAnimation.m */; };
		F8DD903A1E4874AD00FBD47A /* GroupTimelineEntity.m in Sources */ = {isa = PBXBuildFile; fileRef = F8DD901F1E4874AD00FBD47A /* GroupTimelineEntity.m */; };
		F8DD903B1E4874AD00FBD47A /* BlankLayer.m in Sources */ = {isa = PBXBuildFile; fileRef = F8DD90221E4874AD00FBD47A /* BlankLayer.m */; };
		F8DD903C1E4874AD00FBD47A /* KeyValueBlockObservation.m in Sources */ = {isa = PBXBuildFile; fileRef = F8DD90241E4874AD00FBD47A /* KeyValueBlockObservation.m */; };
		F8DD903D1E4874AD00FBD47A /* NotifyBlockInfo.m in Sources */ = {isa = PBXBuildFile; fileRef = F8DD90261E4874AD00FBD47A /* NotifyBlockInfo.m */; };
		F8DD903E1E4874AD00FBD47A /* ProgressMonitorLayer.m in Sources */ = {isa = PBXBuildFile; fileRef = F8DD90281E4874AD00FBD47A /* ProgressMonitorLayer.m */; };
		F8DD903F1E4874AD00FBD47A /* ReverseCoordinator.m in Sources */ = {isa = PBXBuildFile; fileRef = F8DD902A1E4874AD00FBD47A /* ReverseCoordinator.m */; };
		F8DD90401E4874AD00FBD47A /* TimelineAnimation.m in Sources */ = {isa = PBXBuildFile; fileRef = F8DD902C1E4874AD00FBD47A /* TimelineAnimation.m */; };
		F8DD90411E4874AD00FBD47A /* TimelineEntity.m in Sources */ = {isa = PBXBuildFile; fileRef = F8DD902F1E4874AD00FBD47A /* TimelineEntity.m */; };
/* End PBXBuildFile section */

/* Begin PBXContainerItemProxy section */
		F824EC5D1C75DA1C00FDA653 /* PBXContainerItemProxy */ = {
			isa = PBXContainerItemProxy;
			containerPortal = F8A441251C75C69200C00A01 /* Project object */;
			proxyType = 1;
			remoteGlobalIDString = F8A4412C1C75C69200C00A01;
			remoteInfo = TimelineAnimations;
		};
		F8A4416D1C75D29E00C00A01 /* PBXContainerItemProxy */ = {
			isa = PBXContainerItemProxy;
			containerPortal = F8A441251C75C69200C00A01 /* Project object */;
			proxyType = 1;
			remoteGlobalIDString = F8A4412C1C75C69200C00A01;
			remoteInfo = TimelineAnimations;
		};
/* End PBXContainerItemProxy section */

/* Begin PBXCopyFilesBuildPhase section */
		F8A4412B1C75C69200C00A01 /* CopyFiles */ = {
			isa = PBXCopyFilesBuildPhase;
			buildActionMask = 2147483647;
			dstPath = "include/$(PRODUCT_NAME)";
			dstSubfolderSpec = 16;
			files = (
				F8A441311C75C69200C00A01 /* TimelineAnimations.h in CopyFiles */,
			);
			runOnlyForDeploymentPostprocessing = 0;
		};
/* End PBXCopyFilesBuildPhase section */

/* Begin PBXFileReference section */
		F824EC061C75D6CF00FDA653 /* TimelineAnimationsTestsPlay.m */ = {isa = PBXFileReference; fileEncoding = 4; lastKnownFileType = sourcecode.c.objc; path = TimelineAnimationsTestsPlay.m; sourceTree = "<group>"; };
		F824EC451C75D89700FDA653 /* TestApp.app */ = {isa = PBXFileReference; explicitFileType = wrapper.application; includeInIndex = 0; path = TestApp.app; sourceTree = BUILT_PRODUCTS_DIR; };
		F824EC481C75D89700FDA653 /* main.m */ = {isa = PBXFileReference; lastKnownFileType = sourcecode.c.objc; path = main.m; sourceTree = "<group>"; };
		F824EC4A1C75D89700FDA653 /* AppDelegate.h */ = {isa = PBXFileReference; lastKnownFileType = sourcecode.c.h; path = AppDelegate.h; sourceTree = "<group>"; };
		F824EC4B1C75D89700FDA653 /* AppDelegate.m */ = {isa = PBXFileReference; lastKnownFileType = sourcecode.c.objc; path = AppDelegate.m; sourceTree = "<group>"; };
		F824EC4D1C75D89700FDA653 /* ViewController.h */ = {isa = PBXFileReference; lastKnownFileType = sourcecode.c.h; path = ViewController.h; sourceTree = "<group>"; };
		F824EC4E1C75D89700FDA653 /* ViewController.m */ = {isa = PBXFileReference; lastKnownFileType = sourcecode.c.objc; path = ViewController.m; sourceTree = "<group>"; };
		F824EC511C75D89700FDA653 /* Base */ = {isa = PBXFileReference; lastKnownFileType = file.storyboard; name = Base; path = Base.lproj/Main.storyboard; sourceTree = "<group>"; };
		F824EC531C75D89700FDA653 /* Assets.xcassets */ = {isa = PBXFileReference; lastKnownFileType = folder.assetcatalog; path = Assets.xcassets; sourceTree = "<group>"; };
		F824EC561C75D89700FDA653 /* Base */ = {isa = PBXFileReference; lastKnownFileType = file.storyboard; name = Base; path = Base.lproj/LaunchScreen.storyboard; sourceTree = "<group>"; };
		F824EC581C75D89700FDA653 /* Info.plist */ = {isa = PBXFileReference; lastKnownFileType = text.plist.xml; path = Info.plist; sourceTree = "<group>"; };
		F8A4412D1C75C69200C00A01 /* libTimelineAnimations.a */ = {isa = PBXFileReference; explicitFileType = archive.ar; includeInIndex = 0; path = libTimelineAnimations.a; sourceTree = BUILT_PRODUCTS_DIR; };
		F8A441301C75C69200C00A01 /* TimelineAnimations.h */ = {isa = PBXFileReference; lastKnownFileType = sourcecode.c.h; path = TimelineAnimations.h; sourceTree = "<group>"; };
		F8A441671C75D29E00C00A01 /* TimelineAnimationTests.xctest */ = {isa = PBXFileReference; explicitFileType = wrapper.cfbundle; includeInIndex = 0; path = TimelineAnimationTests.xctest; sourceTree = BUILT_PRODUCTS_DIR; };
		F8A441691C75D29E00C00A01 /* TimelineAnimationTestsCreation.m */ = {isa = PBXFileReference; lastKnownFileType = sourcecode.c.objc; path = TimelineAnimationTestsCreation.m; sourceTree = "<group>"; };
		F8A4416B1C75D29E00C00A01 /* Info.plist */ = {isa = PBXFileReference; lastKnownFileType = text.plist.xml; path = Info.plist; sourceTree = "<group>"; };
		F8DD90061E4874AD00FBD47A /* AnimationsFactory.h */ = {isa = PBXFileReference; fileEncoding = 4; lastKnownFileType = sourcecode.c.h; path = AnimationsFactory.h; sourceTree = "<group>"; };
		F8DD90071E4874AD00FBD47A /* AnimationsFactory.m */ = {isa = PBXFileReference; fileEncoding = 4; lastKnownFileType = sourcecode.c.objc; path = AnimationsFactory.m; sourceTree = "<group>"; };
		F8DD90081E4874AD00FBD47A /* AnimationsKeyPath.h */ = {isa = PBXFileReference; fileEncoding = 4; lastKnownFileType = sourcecode.c.h; path = AnimationsKeyPath.h; sourceTree = "<group>"; };
		F8DD90091E4874AD00FBD47A /* AnimationsKeyPath.m */ = {isa = PBXFileReference; fileEncoding = 4; lastKnownFileType = sourcecode.c.objc; path = AnimationsKeyPath.m; sourceTree = "<group>"; };
		F8DD900B1E4874AD00FBD47A /* TimelineAudio.h */ = {isa = PBXFileReference; fileEncoding = 4; lastKnownFileType = sourcecode.c.h; path = TimelineAudio.h; sourceTree = "<group>"; };
		F8DD900C1E4874AD00FBD47A /* TimelineAudio.m */ = {isa = PBXFileReference; fileEncoding = 4; lastKnownFileType = sourcecode.c.objc; path = TimelineAudio.m; sourceTree = "<group>"; };
		F8DD900D1E4874AD00FBD47A /* TimelineAudioAssociation.h */ = {isa = PBXFileReference; fileEncoding = 4; lastKnownFileType = sourcecode.c.h; path = TimelineAudioAssociation.h; sourceTree = "<group>"; };
		F8DD900E1E4874AD00FBD47A /* TimelineAudioAssociation.m */ = {isa = PBXFileReference; fileEncoding = 4; lastKnownFileType = sourcecode.c.objc; path = TimelineAudioAssociation.m; sourceTree = "<group>"; };
		F8DD900F1E4874AD00FBD47A /* TimelineAudioAssociationProtected.h */ = {isa = PBXFileReference; fileEncoding = 4; lastKnownFileType = sourcecode.c.h; path = TimelineAudioAssociationProtected.h; sourceTree = "<group>"; };
		F8DD90111E4874AD00FBD47A /* CABasicAnimation+Reverse.h */ = {isa = PBXFileReference; fileEncoding = 4; lastKnownFileType = sourcecode.c.h; path = "CABasicAnimation+Reverse.h"; sourceTree = "<group>"; };
		F8DD90121E4874AD00FBD47A /* CABasicAnimation+Reverse.m */ = {isa = PBXFileReference; fileEncoding = 4; lastKnownFileType = sourcecode.c.objc; path = "CABasicAnimation+Reverse.m"; sourceTree = "<group>"; };
		F8DD90131E4874AD00FBD47A /* CAKeyframeAnimation+Reverse.h */ = {isa = PBXFileReference; fileEncoding = 4; lastKnownFileType = sourcecode.c.h; path = "CAKeyframeAnimation+Reverse.h"; sourceTree = "<group>"; };
		F8DD90141E4874AD00FBD47A /* CAKeyframeAnimation+Reverse.m */ = {isa = PBXFileReference; fileEncoding = 4; lastKnownFileType = sourcecode.c.objc; path = "CAKeyframeAnimation+Reverse.m"; sourceTree = "<group>"; };
		F8DD90151E4874AD00FBD47A /* CALayer+TimelineAnimation.h */ = {isa = PBXFileReference; fileEncoding = 4; lastKnownFileType = sourcecode.c.h; path = "CALayer+TimelineAnimation.h"; sourceTree = "<group>"; };
		F8DD90161E4874AD00FBD47A /* CALayer+TimelineAnimation.m */ = {isa = PBXFileReference; fileEncoding = 4; lastKnownFileType = sourcecode.c.objc; path = "CALayer+TimelineAnimation.m"; sourceTree = "<group>"; };
		F8DD90171E4874AD00FBD47A /* CAPropertyAnimation+Reverse.h */ = {isa = PBXFileReference; fileEncoding = 4; lastKnownFileType = sourcecode.c.h; path = "CAPropertyAnimation+Reverse.h"; sourceTree = "<group>"; };
		F8DD90181E4874AD00FBD47A /* CAPropertyAnimation+Reverse.m */ = {isa = PBXFileReference; fileEncoding = 4; lastKnownFileType = sourcecode.c.objc; path = "CAPropertyAnimation+Reverse.m"; sourceTree = "<group>"; };
		F8DD901A1E4874AD00FBD47A /* EasingTimingHandler.h */ = {isa = PBXFileReference; fileEncoding = 4; lastKnownFileType = sourcecode.c.h; path = EasingTimingHandler.h; sourceTree = "<group>"; };
		F8DD901B1E4874AD00FBD47A /* EasingTimingHandler.m */ = {isa = PBXFileReference; fileEncoding = 4; lastKnownFileType = sourcecode.c.objc; path = EasingTimingHandler.m; sourceTree = "<group>"; };
		F8DD901C1E4874AD00FBD47A /* GroupTimelineAnimation.h */ = {isa = PBXFileReference; fileEncoding = 4; lastKnownFileType = sourcecode.c.h; path = GroupTimelineAnimation.h; sourceTree = "<group>"; };
		F8DD901D1E4874AD00FBD47A /* GroupTimelineAnimation.m */ = {isa = PBXFileReference; fileEncoding = 4; lastKnownFileType = sourcecode.c.objc; path = GroupTimelineAnimation.m; sourceTree = "<group>"; };
		F8DD901E1E4874AD00FBD47A /* GroupTimelineEntity.h */ = {isa = PBXFileReference; fileEncoding = 4; lastKnownFileType = sourcecode.c.h; path = GroupTimelineEntity.h; sourceTree = "<group>"; };
		F8DD901F1E4874AD00FBD47A /* GroupTimelineEntity.m */ = {isa = PBXFileReference; fileEncoding = 4; lastKnownFileType = sourcecode.c.objc; path = GroupTimelineEntity.m; sourceTree = "<group>"; };
		F8DD90211E4874AD00FBD47A /* BlankLayer.h */ = {isa = PBXFileReference; fileEncoding = 4; lastKnownFileType = sourcecode.c.h; path = BlankLayer.h; sourceTree = "<group>"; };
		F8DD90221E4874AD00FBD47A /* BlankLayer.m */ = {isa = PBXFileReference; fileEncoding = 4; lastKnownFileType = sourcecode.c.objc; path = BlankLayer.m; sourceTree = "<group>"; };
		F8DD90231E4874AD00FBD47A /* KeyValueBlockObservation.h */ = {isa = PBXFileReference; fileEncoding = 4; lastKnownFileType = sourcecode.c.h; path = KeyValueBlockObservation.h; sourceTree = "<group>"; };
		F8DD90241E4874AD00FBD47A /* KeyValueBlockObservation.m */ = {isa = PBXFileReference; fileEncoding = 4; lastKnownFileType = sourcecode.c.objc; path = KeyValueBlockObservation.m; sourceTree = "<group>"; };
		F8DD90251E4874AD00FBD47A /* NotifyBlockInfo.h */ = {isa = PBXFileReference; fileEncoding = 4; lastKnownFileType = sourcecode.c.h; path = NotifyBlockInfo.h; sourceTree = "<group>"; };
		F8DD90261E4874AD00FBD47A /* NotifyBlockInfo.m */ = {isa = PBXFileReference; fileEncoding = 4; lastKnownFileType = sourcecode.c.objc; path = NotifyBlockInfo.m; sourceTree = "<group>"; };
		F8DD90271E4874AD00FBD47A /* ProgressMonitorLayer.h */ = {isa = PBXFileReference; fileEncoding = 4; lastKnownFileType = sourcecode.c.h; path = ProgressMonitorLayer.h; sourceTree = "<group>"; };
		F8DD90281E4874AD00FBD47A /* ProgressMonitorLayer.m */ = {isa = PBXFileReference; fileEncoding = 4; lastKnownFileType = sourcecode.c.objc; path = ProgressMonitorLayer.m; sourceTree = "<group>"; };
		F8DD90291E4874AD00FBD47A /* ReverseCoordinator.h */ = {isa = PBXFileReference; fileEncoding = 4; lastKnownFileType = sourcecode.c.h; path = ReverseCoordinator.h; sourceTree = "<group>"; };
		F8DD902A1E4874AD00FBD47A /* ReverseCoordinator.m */ = {isa = PBXFileReference; fileEncoding = 4; lastKnownFileType = sourcecode.c.objc; path = ReverseCoordinator.m; sourceTree = "<group>"; };
		F8DD902B1E4874AD00FBD47A /* TimelineAnimation.h */ = {isa = PBXFileReference; fileEncoding = 4; lastKnownFileType = sourcecode.c.h; path = TimelineAnimation.h; sourceTree = "<group>"; };
		F8DD902C1E4874AD00FBD47A /* TimelineAnimation.m */ = {isa = PBXFileReference; fileEncoding = 4; lastKnownFileType = sourcecode.c.objc; path = TimelineAnimation.m; sourceTree = "<group>"; };
		F8DD902D1E4874AD00FBD47A /* TimelineAnimationProtected.h */ = {isa = PBXFileReference; fileEncoding = 4; lastKnownFileType = sourcecode.c.h; path = TimelineAnimationProtected.h; sourceTree = "<group>"; };
		F8DD902E1E4874AD00FBD47A /* TimelineEntity.h */ = {isa = PBXFileReference; fileEncoding = 4; lastKnownFileType = sourcecode.c.h; path = TimelineEntity.h; sourceTree = "<group>"; };
		F8DD902F1E4874AD00FBD47A /* TimelineEntity.m */ = {isa = PBXFileReference; fileEncoding = 4; lastKnownFileType = sourcecode.c.objc; path = TimelineEntity.m; sourceTree = "<group>"; };
/* End PBXFileReference section */

/* Begin PBXFrameworksBuildPhase section */
		F824EC421C75D89700FDA653 /* Frameworks */ = {
			isa = PBXFrameworksBuildPhase;
			buildActionMask = 2147483647;
			files = (
				F824EC5C1C75DA1800FDA653 /* libTimelineAnimations.a in Frameworks */,
			);
			runOnlyForDeploymentPostprocessing = 0;
		};
		F8A4412A1C75C69200C00A01 /* Frameworks */ = {
			isa = PBXFrameworksBuildPhase;
			buildActionMask = 2147483647;
			files = (
			);
			runOnlyForDeploymentPostprocessing = 0;
		};
		F8A441641C75D29E00C00A01 /* Frameworks */ = {
			isa = PBXFrameworksBuildPhase;
			buildActionMask = 2147483647;
			files = (
				F8A4416C1C75D29E00C00A01 /* libTimelineAnimations.a in Frameworks */,
			);
			runOnlyForDeploymentPostprocessing = 0;
		};
/* End PBXFrameworksBuildPhase section */

/* Begin PBXGroup section */
		F824EC461C75D89700FDA653 /* TestApp */ = {
			isa = PBXGroup;
			children = (
				F824EC4A1C75D89700FDA653 /* AppDelegate.h */,
				F824EC4B1C75D89700FDA653 /* AppDelegate.m */,
				F824EC4D1C75D89700FDA653 /* ViewController.h */,
				F824EC4E1C75D89700FDA653 /* ViewController.m */,
				F824EC501C75D89700FDA653 /* Main.storyboard */,
				F824EC531C75D89700FDA653 /* Assets.xcassets */,
				F824EC551C75D89700FDA653 /* LaunchScreen.storyboard */,
				F824EC581C75D89700FDA653 /* Info.plist */,
				F824EC471C75D89700FDA653 /* Supporting Files */,
			);
			path = TestApp;
			sourceTree = "<group>";
		};
		F824EC471C75D89700FDA653 /* Supporting Files */ = {
			isa = PBXGroup;
			children = (
				F824EC481C75D89700FDA653 /* main.m */,
			);
			name = "Supporting Files";
			sourceTree = "<group>";
		};
		F8A441241C75C69200C00A01 = {
			isa = PBXGroup;
			children = (
				F8A4412F1C75C69200C00A01 /* TimelineAnimations */,
				F8A441681C75D29E00C00A01 /* TimelineAnimationTests */,
				F824EC461C75D89700FDA653 /* TestApp */,
				F8A4412E1C75C69200C00A01 /* Products */,
			);
			sourceTree = "<group>";
		};
		F8A4412E1C75C69200C00A01 /* Products */ = {
			isa = PBXGroup;
			children = (
				F8A4412D1C75C69200C00A01 /* libTimelineAnimations.a */,
				F8A441671C75D29E00C00A01 /* TimelineAnimationTests.xctest */,
				F824EC451C75D89700FDA653 /* TestApp.app */,
			);
			name = Products;
			sourceTree = "<group>";
		};
		F8A4412F1C75C69200C00A01 /* TimelineAnimations */ = {
			isa = PBXGroup;
			children = (
				F8DD90051E4874AD00FBD47A /* Animations Factory */,
				F8A441301C75C69200C00A01 /* TimelineAnimations.h */,
			);
			path = TimelineAnimations;
			sourceTree = "<group>";
		};
		F8A441681C75D29E00C00A01 /* TimelineAnimationTests */ = {
			isa = PBXGroup;
			children = (
				F8A441691C75D29E00C00A01 /* TimelineAnimationTestsCreation.m */,
				F824EC061C75D6CF00FDA653 /* TimelineAnimationsTestsPlay.m */,
				F8A4416B1C75D29E00C00A01 /* Info.plist */,
			);
			path = TimelineAnimationTests;
			sourceTree = "<group>";
		};
		F8DD90051E4874AD00FBD47A /* Animations Factory */ = {
			isa = PBXGroup;
			children = (
				F8DD90061E4874AD00FBD47A /* AnimationsFactory.h */,
				F8DD90071E4874AD00FBD47A /* AnimationsFactory.m */,
				F8DD90081E4874AD00FBD47A /* AnimationsKeyPath.h */,
				F8DD90091E4874AD00FBD47A /* AnimationsKeyPath.m */,
				F8DD900A1E4874AD00FBD47A /* Audio */,
				F8DD90101E4874AD00FBD47A /* Categories */,
				F8DD90191E4874AD00FBD47A /* EasingTiming */,
				F8DD901C1E4874AD00FBD47A /* GroupTimelineAnimation.h */,
				F8DD901D1E4874AD00FBD47A /* GroupTimelineAnimation.m */,
				F8DD901E1E4874AD00FBD47A /* GroupTimelineEntity.h */,
				F8DD901F1E4874AD00FBD47A /* GroupTimelineEntity.m */,
				F8DD90201E4874AD00FBD47A /* Helper */,
				F8DD902B1E4874AD00FBD47A /* TimelineAnimation.h */,
				F8DD902C1E4874AD00FBD47A /* TimelineAnimation.m */,
				F8DD902D1E4874AD00FBD47A /* TimelineAnimationProtected.h */,
				F8DD902E1E4874AD00FBD47A /* TimelineEntity.h */,
				F8DD902F1E4874AD00FBD47A /* TimelineEntity.m */,
			);
			path = "Animations Factory";
			sourceTree = "<group>";
		};
		F8DD900A1E4874AD00FBD47A /* Audio */ = {
			isa = PBXGroup;
			children = (
				F8DD900B1E4874AD00FBD47A /* TimelineAudio.h */,
				F8DD900C1E4874AD00FBD47A /* TimelineAudio.m */,
				F8DD900D1E4874AD00FBD47A /* TimelineAudioAssociation.h */,
				F8DD900E1E4874AD00FBD47A /* TimelineAudioAssociation.m */,
				F8DD900F1E4874AD00FBD47A /* TimelineAudioAssociationProtected.h */,
			);
			path = Audio;
			sourceTree = "<group>";
		};
		F8DD90101E4874AD00FBD47A /* Categories */ = {
			isa = PBXGroup;
			children = (
				F8DD90111E4874AD00FBD47A /* CABasicAnimation+Reverse.h */,
				F8DD90121E4874AD00FBD47A /* CABasicAnimation+Reverse.m */,
				F8DD90131E4874AD00FBD47A /* CAKeyframeAnimation+Reverse.h */,
				F8DD90141E4874AD00FBD47A /* CAKeyframeAnimation+Reverse.m */,
				F8DD90151E4874AD00FBD47A /* CALayer+TimelineAnimation.h */,
				F8DD90161E4874AD00FBD47A /* CALayer+TimelineAnimation.m */,
				F8DD90171E4874AD00FBD47A /* CAPropertyAnimation+Reverse.h */,
				F8DD90181E4874AD00FBD47A /* CAPropertyAnimation+Reverse.m */,
			);
			path = Categories;
			sourceTree = "<group>";
		};
		F8DD90191E4874AD00FBD47A /* EasingTiming */ = {
			isa = PBXGroup;
			children = (
				F8DD901A1E4874AD00FBD47A /* EasingTimingHandler.h */,
				F8DD901B1E4874AD00FBD47A /* EasingTimingHandler.m */,
			);
			path = EasingTiming;
			sourceTree = "<group>";
		};
		F8DD90201E4874AD00FBD47A /* Helper */ = {
			isa = PBXGroup;
			children = (
				F8DD90211E4874AD00FBD47A /* BlankLayer.h */,
				F8DD90221E4874AD00FBD47A /* BlankLayer.m */,
				F8DD90231E4874AD00FBD47A /* KeyValueBlockObservation.h */,
				F8DD90241E4874AD00FBD47A /* KeyValueBlockObservation.m */,
				F8DD90251E4874AD00FBD47A /* NotifyBlockInfo.h */,
				F8DD90261E4874AD00FBD47A /* NotifyBlockInfo.m */,
				F8DD90271E4874AD00FBD47A /* ProgressMonitorLayer.h */,
				F8DD90281E4874AD00FBD47A /* ProgressMonitorLayer.m */,
				F8DD90291E4874AD00FBD47A /* ReverseCoordinator.h */,
				F8DD902A1E4874AD00FBD47A /* ReverseCoordinator.m */,
			);
			path = Helper;
			sourceTree = "<group>";
		};
/* End PBXGroup section */

/* Begin PBXNativeTarget section */
		F824EC441C75D89700FDA653 /* TestApp */ = {
			isa = PBXNativeTarget;
			buildConfigurationList = F824EC591C75D89700FDA653 /* Build configuration list for PBXNativeTarget "TestApp" */;
			buildPhases = (
				F824EC411C75D89700FDA653 /* Sources */,
				F824EC421C75D89700FDA653 /* Frameworks */,
				F824EC431C75D89700FDA653 /* Resources */,
			);
			buildRules = (
			);
			dependencies = (
				F824EC5E1C75DA1C00FDA653 /* PBXTargetDependency */,
			);
			name = TestApp;
			productName = TestApp;
			productReference = F824EC451C75D89700FDA653 /* TestApp.app */;
			productType = "com.apple.product-type.application";
		};
		F8A4412C1C75C69200C00A01 /* TimelineAnimations */ = {
			isa = PBXNativeTarget;
			buildConfigurationList = F8A441361C75C69200C00A01 /* Build configuration list for PBXNativeTarget "TimelineAnimations" */;
			buildPhases = (
				F8A441291C75C69200C00A01 /* Sources */,
				F8A4412A1C75C69200C00A01 /* Frameworks */,
				F8A4412B1C75C69200C00A01 /* CopyFiles */,
			);
			buildRules = (
			);
			dependencies = (
			);
			name = TimelineAnimations;
			productName = TimelineAnimations;
			productReference = F8A4412D1C75C69200C00A01 /* libTimelineAnimations.a */;
			productType = "com.apple.product-type.library.static";
		};
		F8A441661C75D29E00C00A01 /* TimelineAnimationTests */ = {
			isa = PBXNativeTarget;
			buildConfigurationList = F8A4416F1C75D29E00C00A01 /* Build configuration list for PBXNativeTarget "TimelineAnimationTests" */;
			buildPhases = (
				F8A441631C75D29E00C00A01 /* Sources */,
				F8A441641C75D29E00C00A01 /* Frameworks */,
				F8A441651C75D29E00C00A01 /* Resources */,
			);
			buildRules = (
			);
			dependencies = (
				F8A4416E1C75D29E00C00A01 /* PBXTargetDependency */,
			);
			name = TimelineAnimationTests;
			productName = TimelineAnimationTests;
			productReference = F8A441671C75D29E00C00A01 /* TimelineAnimationTests.xctest */;
			productType = "com.apple.product-type.bundle.unit-test";
		};
/* End PBXNativeTarget section */

/* Begin PBXProject section */
		F8A441251C75C69200C00A01 /* Project object */ = {
			isa = PBXProject;
			attributes = {
				LastUpgradeCheck = 0820;
				ORGANIZATIONNAME = "AbZorba Games";
				TargetAttributes = {
					F824EC441C75D89700FDA653 = {
						CreatedOnToolsVersion = 7.2;
					};
					F8A4412C1C75C69200C00A01 = {
						CreatedOnToolsVersion = 7.2;
					};
					F8A441661C75D29E00C00A01 = {
						CreatedOnToolsVersion = 7.2;
					};
				};
			};
			buildConfigurationList = F8A441281C75C69200C00A01 /* Build configuration list for PBXProject "TimelineAnimations" */;
			compatibilityVersion = "Xcode 3.2";
			developmentRegion = English;
			hasScannedForEncodings = 0;
			knownRegions = (
				en,
				Base,
			);
			mainGroup = F8A441241C75C69200C00A01;
			productRefGroup = F8A4412E1C75C69200C00A01 /* Products */;
			projectDirPath = "";
			projectRoot = "";
			targets = (
				F8A4412C1C75C69200C00A01 /* TimelineAnimations */,
				F8A441661C75D29E00C00A01 /* TimelineAnimationTests */,
				F824EC441C75D89700FDA653 /* TestApp */,
			);
		};
/* End PBXProject section */

/* Begin PBXResourcesBuildPhase section */
		F824EC431C75D89700FDA653 /* Resources */ = {
			isa = PBXResourcesBuildPhase;
			buildActionMask = 2147483647;
			files = (
				F824EC571C75D89700FDA653 /* LaunchScreen.storyboard in Resources */,
				F824EC541C75D89700FDA653 /* Assets.xcassets in Resources */,
				F824EC521C75D89700FDA653 /* Main.storyboard in Resources */,
			);
			runOnlyForDeploymentPostprocessing = 0;
		};
		F8A441651C75D29E00C00A01 /* Resources */ = {
			isa = PBXResourcesBuildPhase;
			buildActionMask = 2147483647;
			files = (
			);
			runOnlyForDeploymentPostprocessing = 0;
		};
/* End PBXResourcesBuildPhase section */

/* Begin PBXSourcesBuildPhase section */
		F824EC411C75D89700FDA653 /* Sources */ = {
			isa = PBXSourcesBuildPhase;
			buildActionMask = 2147483647;
			files = (
				F824EC4F1C75D89700FDA653 /* ViewController.m in Sources */,
				F824EC4C1C75D89700FDA653 /* AppDelegate.m in Sources */,
				F824EC491C75D89700FDA653 /* main.m in Sources */,
			);
			runOnlyForDeploymentPostprocessing = 0;
		};
		F8A441291C75C69200C00A01 /* Sources */ = {
			isa = PBXSourcesBuildPhase;
			buildActionMask = 2147483647;
			files = (
				F8DD90371E4874AD00FBD47A /* CAPropertyAnimation+Reverse.m in Sources */,
				F8DD90301E4874AD00FBD47A /* AnimationsFactory.m in Sources */,
				F8DD90341E4874AD00FBD47A /* CABasicAnimation+Reverse.m in Sources */,
				F8DD903C1E4874AD00FBD47A /* KeyValueBlockObservation.m in Sources */,
				F8DD90361E4874AD00FBD47A /* CALayer+TimelineAnimation.m in Sources */,
				F8DD90411E4874AD00FBD47A /* TimelineEntity.m in Sources */,
				F8DD90321E4874AD00FBD47A /* TimelineAudio.m in Sources */,
				F8DD903D1E4874AD00FBD47A /* NotifyBlockInfo.m in Sources */,
				F8DD90381E4874AD00FBD47A /* EasingTimingHandler.m in Sources */,
				F8DD90311E4874AD00FBD47A /* AnimationsKeyPath.m in Sources */,
				F8DD90391E4874AD00FBD47A /* GroupTimelineAnimation.m in Sources */,
				F8DD903B1E4874AD00FBD47A /* BlankLayer.m in Sources */,
				F8DD903E1E4874AD00FBD47A /* ProgressMonitorLayer.m in Sources */,
				F8DD903A1E4874AD00FBD47A /* GroupTimelineEntity.m in Sources */,
				F8DD90331E4874AD00FBD47A /* TimelineAudioAssociation.m in Sources */,
				F8DD90351E4874AD00FBD47A /* CAKeyframeAnimation+Reverse.m in Sources */,
				F8DD90401E4874AD00FBD47A /* TimelineAnimation.m in Sources */,
				F8DD903F1E4874AD00FBD47A /* ReverseCoordinator.m in Sources */,
			);
			runOnlyForDeploymentPostprocessing = 0;
		};
		F8A441631C75D29E00C00A01 /* Sources */ = {
			isa = PBXSourcesBuildPhase;
			buildActionMask = 2147483647;
			files = (
				F8A4416A1C75D29E00C00A01 /* TimelineAnimationTestsCreation.m in Sources */,
				F824EC071C75D6CF00FDA653 /* TimelineAnimationsTestsPlay.m in Sources */,
			);
			runOnlyForDeploymentPostprocessing = 0;
		};
/* End PBXSourcesBuildPhase section */

/* Begin PBXTargetDependency section */
		F824EC5E1C75DA1C00FDA653 /* PBXTargetDependency */ = {
			isa = PBXTargetDependency;
			target = F8A4412C1C75C69200C00A01 /* TimelineAnimations */;
			targetProxy = F824EC5D1C75DA1C00FDA653 /* PBXContainerItemProxy */;
		};
		F8A4416E1C75D29E00C00A01 /* PBXTargetDependency */ = {
			isa = PBXTargetDependency;
			target = F8A4412C1C75C69200C00A01 /* TimelineAnimations */;
			targetProxy = F8A4416D1C75D29E00C00A01 /* PBXContainerItemProxy */;
		};
/* End PBXTargetDependency section */

/* Begin PBXVariantGroup section */
		F824EC501C75D89700FDA653 /* Main.storyboard */ = {
			isa = PBXVariantGroup;
			children = (
				F824EC511C75D89700FDA653 /* Base */,
			);
			name = Main.storyboard;
			sourceTree = "<group>";
		};
		F824EC551C75D89700FDA653 /* LaunchScreen.storyboard */ = {
			isa = PBXVariantGroup;
			children = (
				F824EC561C75D89700FDA653 /* Base */,
			);
			name = LaunchScreen.storyboard;
			sourceTree = "<group>";
		};
/* End PBXVariantGroup section */

/* Begin XCBuildConfiguration section */
		F824EC5A1C75D89700FDA653 /* Debug */ = {
			isa = XCBuildConfiguration;
			buildSettings = {
				ASSETCATALOG_COMPILER_APPICON_NAME = AppIcon;
				INFOPLIST_FILE = TestApp/Info.plist;
				IPHONEOS_DEPLOYMENT_TARGET = 8.0;
				LD_RUNPATH_SEARCH_PATHS = "$(inherited) @executable_path/Frameworks";
				OTHER_LDFLAGS = "-all_load";
				PRODUCT_BUNDLE_IDENTIFIER = com.abzorbagames.TestApp;
				PRODUCT_NAME = "$(TARGET_NAME)";
				TARGETED_DEVICE_FAMILY = "1,2";
			};
			name = Debug;
		};
		F824EC5B1C75D89700FDA653 /* Release */ = {
			isa = XCBuildConfiguration;
			buildSettings = {
				ASSETCATALOG_COMPILER_APPICON_NAME = AppIcon;
				INFOPLIST_FILE = TestApp/Info.plist;
				IPHONEOS_DEPLOYMENT_TARGET = 8.0;
				LD_RUNPATH_SEARCH_PATHS = "$(inherited) @executable_path/Frameworks";
				OTHER_LDFLAGS = "-all_load";
				PRODUCT_BUNDLE_IDENTIFIER = com.abzorbagames.TestApp;
				PRODUCT_NAME = "$(TARGET_NAME)";
				TARGETED_DEVICE_FAMILY = "1,2";
			};
			name = Release;
		};
		F8A441341C75C69200C00A01 /* Debug */ = {
			isa = XCBuildConfiguration;
			buildSettings = {
				ALWAYS_SEARCH_USER_PATHS = NO;
				CLANG_ENABLE_MODULES = YES;
				CLANG_ENABLE_OBJC_ARC = YES;
				CLANG_WARN_BOOL_CONVERSION = YES;
				CLANG_WARN_CONSTANT_CONVERSION = YES;
				CLANG_WARN_DEPRECATED_OBJC_IMPLEMENTATIONS = YES;
				CLANG_WARN_DIRECT_OBJC_ISA_USAGE = YES_ERROR;
				CLANG_WARN_EMPTY_BODY = YES;
				CLANG_WARN_ENUM_CONVERSION = YES;
				CLANG_WARN_INFINITE_RECURSION = YES;
				CLANG_WARN_INT_CONVERSION = YES;
				CLANG_WARN_OBJC_EXPLICIT_OWNERSHIP_TYPE = YES;
				CLANG_WARN_OBJC_IMPLICIT_ATOMIC_PROPERTIES = YES;
				CLANG_WARN_OBJC_IMPLICIT_RETAIN_SELF = YES;
				CLANG_WARN_OBJC_REPEATED_USE_OF_WEAK = YES;
				CLANG_WARN_OBJC_ROOT_CLASS = YES_ERROR;
				CLANG_WARN_SUSPICIOUS_IMPLICIT_CONVERSION = YES;
				CLANG_WARN_SUSPICIOUS_MOVE = YES;
				CLANG_WARN_UNREACHABLE_CODE = YES;
				CLANG_WARN__DUPLICATE_METHOD_MATCH = YES;
				"CODE_SIGN_IDENTITY[sdk=iphoneos*]" = "iPhone Developer";
				COPY_PHASE_STRIP = NO;
				ENABLE_STRICT_OBJC_MSGSEND = YES;
				ENABLE_TESTABILITY = YES;
				GCC_DYNAMIC_NO_PIC = NO;
				GCC_NO_COMMON_BLOCKS = YES;
				GCC_OPTIMIZATION_LEVEL = 0;
				GCC_PREPROCESSOR_DEFINITIONS = (
					"DEBUG=1",
					"$(inherited)",
				);
				GCC_TREAT_INCOMPATIBLE_POINTER_TYPE_WARNINGS_AS_ERRORS = YES;
				GCC_WARN_64_TO_32_BIT_CONVERSION = YES;
				GCC_WARN_ABOUT_MISSING_FIELD_INITIALIZERS = YES;
				GCC_WARN_ABOUT_MISSING_NEWLINE = YES;
				GCC_WARN_ABOUT_RETURN_TYPE = YES_ERROR;
				GCC_WARN_FOUR_CHARACTER_CONSTANTS = YES;
				GCC_WARN_INITIALIZER_NOT_FULLY_BRACKETED = YES;
				GCC_WARN_UNDECLARED_SELECTOR = YES;
				GCC_WARN_UNINITIALIZED_AUTOS = YES_AGGRESSIVE;
				GCC_WARN_UNUSED_FUNCTION = YES;
				GCC_WARN_UNUSED_VARIABLE = YES;
				IPHONEOS_DEPLOYMENT_TARGET = 8.0;
				MTL_ENABLE_DEBUG_INFO = YES;
				ONLY_ACTIVE_ARCH = YES;
				SDKROOT = iphoneos;
			};
			name = Debug;
		};
		F8A441351C75C69200C00A01 /* Release */ = {
			isa = XCBuildConfiguration;
			buildSettings = {
				ALWAYS_SEARCH_USER_PATHS = NO;
				CLANG_ENABLE_MODULES = YES;
				CLANG_ENABLE_OBJC_ARC = YES;
				CLANG_WARN_BOOL_CONVERSION = YES;
				CLANG_WARN_CONSTANT_CONVERSION = YES;
				CLANG_WARN_DEPRECATED_OBJC_IMPLEMENTATIONS = YES;
				CLANG_WARN_DIRECT_OBJC_ISA_USAGE = YES_ERROR;
				CLANG_WARN_EMPTY_BODY = YES;
				CLANG_WARN_ENUM_CONVERSION = YES;
				CLANG_WARN_INFINITE_RECURSION = YES;
				CLANG_WARN_INT_CONVERSION = YES;
				CLANG_WARN_OBJC_EXPLICIT_OWNERSHIP_TYPE = YES;
				CLANG_WARN_OBJC_IMPLICIT_ATOMIC_PROPERTIES = YES;
				CLANG_WARN_OBJC_IMPLICIT_RETAIN_SELF = YES;
				CLANG_WARN_OBJC_REPEATED_USE_OF_WEAK = YES;
				CLANG_WARN_OBJC_ROOT_CLASS = YES_ERROR;
				CLANG_WARN_SUSPICIOUS_IMPLICIT_CONVERSION = YES;
				CLANG_WARN_SUSPICIOUS_MOVE = YES;
				CLANG_WARN_UNREACHABLE_CODE = YES;
				CLANG_WARN__DUPLICATE_METHOD_MATCH = YES;
				"CODE_SIGN_IDENTITY[sdk=iphoneos*]" = "iPhone Developer";
				COPY_PHASE_STRIP = NO;
				ENABLE_NS_ASSERTIONS = NO;
				ENABLE_STRICT_OBJC_MSGSEND = YES;
				GCC_NO_COMMON_BLOCKS = YES;
				GCC_TREAT_INCOMPATIBLE_POINTER_TYPE_WARNINGS_AS_ERRORS = YES;
				GCC_WARN_64_TO_32_BIT_CONVERSION = YES;
				GCC_WARN_ABOUT_MISSING_FIELD_INITIALIZERS = YES;
				GCC_WARN_ABOUT_MISSING_NEWLINE = YES;
				GCC_WARN_ABOUT_RETURN_TYPE = YES_ERROR;
				GCC_WARN_FOUR_CHARACTER_CONSTANTS = YES;
				GCC_WARN_INITIALIZER_NOT_FULLY_BRACKETED = YES;
				GCC_WARN_UNDECLARED_SELECTOR = YES;
				GCC_WARN_UNINITIALIZED_AUTOS = YES_AGGRESSIVE;
				GCC_WARN_UNUSED_FUNCTION = YES;
				GCC_WARN_UNUSED_VARIABLE = YES;
				IPHONEOS_DEPLOYMENT_TARGET = 8.0;
				MTL_ENABLE_DEBUG_INFO = NO;
				SDKROOT = iphoneos;
				VALIDATE_PRODUCT = YES;
			};
			name = Release;
		};
		F8A441371C75C69200C00A01 /* Debug */ = {
			isa = XCBuildConfiguration;
			buildSettings = {
				DEFINES_MODULE = YES;
				OTHER_LDFLAGS = "-ObjC";
				PRODUCT_NAME = "$(TARGET_NAME)";
				SKIP_INSTALL = YES;
			};
			name = Debug;
		};
		F8A441381C75C69200C00A01 /* Release */ = {
			isa = XCBuildConfiguration;
			buildSettings = {
				DEFINES_MODULE = YES;
				OTHER_LDFLAGS = "-ObjC";
				PRODUCT_NAME = "$(TARGET_NAME)";
				SKIP_INSTALL = YES;
			};
			name = Release;
		};
		F8A441701C75D29E00C00A01 /* Debug */ = {
			isa = XCBuildConfiguration;
			buildSettings = {
				INFOPLIST_FILE = TimelineAnimationTests/Info.plist;
				IPHONEOS_DEPLOYMENT_TARGET = 9.2;
				LD_RUNPATH_SEARCH_PATHS = "$(inherited) @executable_path/Frameworks @loader_path/Frameworks";
				PRODUCT_BUNDLE_IDENTIFIER = com.abzorbagames.TimelineAnimationTests;
				PRODUCT_NAME = "$(TARGET_NAME)";
			};
			name = Debug;
		};
		F8A441711C75D29E00C00A01 /* Release */ = {
			isa = XCBuildConfiguration;
			buildSettings = {
				INFOPLIST_FILE = TimelineAnimationTests/Info.plist;
				IPHONEOS_DEPLOYMENT_TARGET = 9.2;
				LD_RUNPATH_SEARCH_PATHS = "$(inherited) @executable_path/Frameworks @loader_path/Frameworks";
				PRODUCT_BUNDLE_IDENTIFIER = com.abzorbagames.TimelineAnimationTests;
				PRODUCT_NAME = "$(TARGET_NAME)";
			};
			name = Release;
		};
/* End XCBuildConfiguration section */

/* Begin XCConfigurationList section */
		F824EC591C75D89700FDA653 /* Build configuration list for PBXNativeTarget "TestApp" */ = {
			isa = XCConfigurationList;
			buildConfigurations = (
				F824EC5A1C75D89700FDA653 /* Debug */,
				F824EC5B1C75D89700FDA653 /* Release */,
			);
			defaultConfigurationIsVisible = 0;
			defaultConfigurationName = Release;
		};
		F8A441281C75C69200C00A01 /* Build configuration list for PBXProject "TimelineAnimations" */ = {
			isa = XCConfigurationList;
			buildConfigurations = (
				F8A441341C75C69200C00A01 /* Debug */,
				F8A441351C75C69200C00A01 /* Release */,
			);
			defaultConfigurationIsVisible = 0;
			defaultConfigurationName = Release;
		};
		F8A441361C75C69200C00A01 /* Build configuration list for PBXNativeTarget "TimelineAnimations" */ = {
			isa = XCConfigurationList;
			buildConfigurations = (
				F8A441371C75C69200C00A01 /* Debug */,
				F8A441381C75C69200C00A01 /* Release */,
			);
			defaultConfigurationIsVisible = 0;
			defaultConfigurationName = Release;
		};
		F8A4416F1C75D29E00C00A01 /* Build configuration list for PBXNativeTarget "TimelineAnimationTests" */ = {
			isa = XCConfigurationList;
			buildConfigurations = (
				F8A441701C75D29E00C00A01 /* Debug */,
				F8A441711C75D29E00C00A01 /* Release */,
			);
			defaultConfigurationIsVisible = 0;
			defaultConfigurationName = Release;
		};
/* End XCConfigurationList section */
	};
	rootObject = F8A441251C75C69200C00A01 /* Project object */;
}
